// !$*UTF8*$!
{
	archiveVersion = 1;
	classes = {
	};
	objectVersion = 46;
	objects = {

/* Begin PBXBuildFile section */
		0321C246162FBBE9007B6684 /* SFTableViewController.m in Sources */ = {isa = PBXBuildFile; fileRef = 0321C243162FBBE9007B6684 /* SFTableViewController.m */; };
		0321C247162FBBE9007B6684 /* SFViewController.m in Sources */ = {isa = PBXBuildFile; fileRef = 0321C245162FBBE9007B6684 /* SFViewController.m */; };
		035CC4FB162A5D980061B7B9 /* Foundation.framework in Frameworks */ = {isa = PBXBuildFile; fileRef = 035CC4FA162A5D980061B7B9 /* Foundation.framework */; };
/* End PBXBuildFile section */

/* Begin PBXCopyFilesBuildPhase section */
		035CC4F5162A5D980061B7B9 /* CopyFiles */ = {
			isa = PBXCopyFilesBuildPhase;
			buildActionMask = 2147483647;
			dstPath = "include/${PRODUCT_NAME}";
			dstSubfolderSpec = 16;
			files = (
			);
			runOnlyForDeploymentPostprocessing = 0;
		};
/* End PBXCopyFilesBuildPhase section */

/* Begin PBXFileReference section */
		0321C242162FBBE9007B6684 /* SFTableViewController.h */ = {isa = PBXFileReference; fileEncoding = 4; lastKnownFileType = sourcecode.c.h; name = SFTableViewController.h; path = SFViewController/SFTableViewController.h; sourceTree = SOURCE_ROOT; };
		0321C243162FBBE9007B6684 /* SFTableViewController.m */ = {isa = PBXFileReference; fileEncoding = 4; lastKnownFileType = sourcecode.c.objc; name = SFTableViewController.m; path = SFViewController/SFTableViewController.m; sourceTree = SOURCE_ROOT; };
		0321C244162FBBE9007B6684 /* SFViewController.h */ = {isa = PBXFileReference; fileEncoding = 4; lastKnownFileType = sourcecode.c.h; name = SFViewController.h; path = SFViewController/SFViewController.h; sourceTree = SOURCE_ROOT; };
		0321C245162FBBE9007B6684 /* SFViewController.m */ = {isa = PBXFileReference; fileEncoding = 4; lastKnownFileType = sourcecode.c.objc; name = SFViewController.m; path = SFViewController/SFViewController.m; sourceTree = SOURCE_ROOT; };
		035CC4F7162A5D980061B7B9 /* libSFViewController.a */ = {isa = PBXFileReference; explicitFileType = archive.ar; includeInIndex = 0; path = libSFViewController.a; sourceTree = BUILT_PRODUCTS_DIR; };
		035CC4FA162A5D980061B7B9 /* Foundation.framework */ = {isa = PBXFileReference; lastKnownFileType = wrapper.framework; name = Foundation.framework; path = System/Library/Frameworks/Foundation.framework; sourceTree = SDKROOT; };
		035CC4FE162A5D980061B7B9 /* SFViewController-Prefix.pch */ = {isa = PBXFileReference; lastKnownFileType = sourcecode.c.h; path = "SFViewController-Prefix.pch"; sourceTree = "<group>"; };
		03B5EAE2163252A400FA902A /* SFViewController-Prefix.pch */ = {isa = PBXFileReference; fileEncoding = 4; lastKnownFileType = sourcecode.c.h; name = "SFViewController-Prefix.pch"; path = "SFViewController/SFViewController-Prefix.pch"; sourceTree = SOURCE_ROOT; };
/* End PBXFileReference section */

/* Begin PBXFrameworksBuildPhase section */
		035CC4F4162A5D980061B7B9 /* Frameworks */ = {
			isa = PBXFrameworksBuildPhase;
			buildActionMask = 2147483647;
			files = (
				035CC4FB162A5D980061B7B9 /* Foundation.framework in Frameworks */,
			);
			runOnlyForDeploymentPostprocessing = 0;
		};
/* End PBXFrameworksBuildPhase section */

/* Begin PBXGroup section */
		035CC4EC162A5D980061B7B9 = {
			isa = PBXGroup;
			children = (
				035CC4FC162A5D980061B7B9 /* SFViewController */,
				035CC4F9162A5D980061B7B9 /* Frameworks */,
				035CC4F8162A5D980061B7B9 /* Products */,
			);
			sourceTree = "<group>";
		};
		035CC4F8162A5D980061B7B9 /* Products */ = {
			isa = PBXGroup;
			children = (
				035CC4F7162A5D980061B7B9 /* libSFViewController.a */,
			);
			name = Products;
			sourceTree = "<group>";
		};
		035CC4F9162A5D980061B7B9 /* Frameworks */ = {
			isa = PBXGroup;
			children = (
				035CC4FA162A5D980061B7B9 /* Foundation.framework */,
			);
			name = Frameworks;
			sourceTree = "<group>";
		};
		035CC4FC162A5D980061B7B9 /* SFViewController */ = {
			isa = PBXGroup;
			children = (
				0321C242162FBBE9007B6684 /* SFTableViewController.h */,
				0321C243162FBBE9007B6684 /* SFTableViewController.m */,
				0321C244162FBBE9007B6684 /* SFViewController.h */,
				0321C245162FBBE9007B6684 /* SFViewController.m */,
				03B5EAE2163252A400FA902A /* SFViewController-Prefix.pch */,
				035CC4FD162A5D980061B7B9 /* Supporting Files */,
			);
			name = SFViewController;
			path = SCViewController;
			sourceTree = "<group>";
		};
		035CC4FD162A5D980061B7B9 /* Supporting Files */ = {
			isa = PBXGroup;
			children = (
				035CC4FE162A5D980061B7B9 /* SFViewController-Prefix.pch */,
			);
			name = "Supporting Files";
			sourceTree = "<group>";
		};
/* End PBXGroup section */

/* Begin PBXNativeTarget section */
		035CC4F6162A5D980061B7B9 /* SFViewController */ = {
			isa = PBXNativeTarget;
			buildConfigurationList = 035CC505162A5D980061B7B9 /* Build configuration list for PBXNativeTarget "SFViewController" */;
			buildPhases = (
				035CC4F3162A5D980061B7B9 /* Sources */,
				035CC4F4162A5D980061B7B9 /* Frameworks */,
				035CC4F5162A5D980061B7B9 /* CopyFiles */,
			);
			buildRules = (
			);
			dependencies = (
			);
			name = SFViewController;
			productName = SCViewController;
			productReference = 035CC4F7162A5D980061B7B9 /* libSFViewController.a */;
			productType = "com.apple.product-type.library.static";
		};
/* End PBXNativeTarget section */

/* Begin PBXProject section */
		035CC4EE162A5D980061B7B9 /* Project object */ = {
			isa = PBXProject;
			attributes = {
				LastUpgradeCheck = 0450;
				ORGANIZATIONNAME = "Sean Cheng";
			};
			buildConfigurationList = 035CC4F1162A5D980061B7B9 /* Build configuration list for PBXProject "SFViewController" */;
			compatibilityVersion = "Xcode 3.2";
			developmentRegion = English;
			hasScannedForEncodings = 0;
			knownRegions = (
				en,
			);
			mainGroup = 035CC4EC162A5D980061B7B9;
			productRefGroup = 035CC4F8162A5D980061B7B9 /* Products */;
			projectDirPath = "";
			projectRoot = "";
			targets = (
				035CC4F6162A5D980061B7B9 /* SFViewController */,
			);
		};
/* End PBXProject section */

/* Begin PBXSourcesBuildPhase section */
		035CC4F3162A5D980061B7B9 /* Sources */ = {
			isa = PBXSourcesBuildPhase;
			buildActionMask = 2147483647;
			files = (
				0321C246162FBBE9007B6684 /* SFTableViewController.m in Sources */,
				0321C247162FBBE9007B6684 /* SFViewController.m in Sources */,
			);
			runOnlyForDeploymentPostprocessing = 0;
		};
/* End PBXSourcesBuildPhase section */

/* Begin XCBuildConfiguration section */
		035CC503162A5D980061B7B9 /* Debug */ = {
			isa = XCBuildConfiguration;
			buildSettings = {
				ALWAYS_SEARCH_USER_PATHS = NO;
				CLANG_CXX_LANGUAGE_STANDARD = "gnu++0x";
				CLANG_CXX_LIBRARY = "libc++";
				CLANG_ENABLE_OBJC_ARC = YES;
				CLANG_WARN_EMPTY_BODY = YES;
				CLANG_WARN__DUPLICATE_METHOD_MATCH = YES;
				COPY_PHASE_STRIP = NO;
				GCC_C_LANGUAGE_STANDARD = gnu99;
				GCC_DYNAMIC_NO_PIC = NO;
				GCC_OPTIMIZATION_LEVEL = 0;
				GCC_PREPROCESSOR_DEFINITIONS = (
					"DEBUG=1",
					"$(inherited)",
				);
				GCC_SYMBOLS_PRIVATE_EXTERN = NO;
				GCC_WARN_ABOUT_RETURN_TYPE = YES;
				GCC_WARN_UNINITIALIZED_AUTOS = YES;
				GCC_WARN_UNUSED_VARIABLE = YES;
				IPHONEOS_DEPLOYMENT_TARGET = 6.0;
				SDKROOT = iphoneos;
			};
			name = Debug;
		};
		035CC504162A5D980061B7B9 /* Release */ = {
			isa = XCBuildConfiguration;
			buildSettings = {
				ALWAYS_SEARCH_USER_PATHS = NO;
				CLANG_CXX_LANGUAGE_STANDARD = "gnu++0x";
				CLANG_CXX_LIBRARY = "libc++";
				CLANG_ENABLE_OBJC_ARC = YES;
				CLANG_WARN_EMPTY_BODY = YES;
				CLANG_WARN__DUPLICATE_METHOD_MATCH = YES;
				COPY_PHASE_STRIP = YES;
				GCC_C_LANGUAGE_STANDARD = gnu99;
				GCC_WARN_ABOUT_RETURN_TYPE = YES;
				GCC_WARN_UNINITIALIZED_AUTOS = YES;
				GCC_WARN_UNUSED_VARIABLE = YES;
				IPHONEOS_DEPLOYMENT_TARGET = 6.0;
				SDKROOT = iphoneos;
				VALIDATE_PRODUCT = YES;
			};
			name = Release;
		};
		035CC506162A5D980061B7B9 /* Debug */ = {
			isa = XCBuildConfiguration;
			buildSettings = {
				DSTROOT = /tmp/SFViewController.dst;
				GCC_PRECOMPILE_PREFIX_HEADER = YES;
				GCC_PREFIX_HEADER = "SFViewController/SFViewController-Prefix.pch";
				OTHER_LDFLAGS = "-ObjC";
				PRODUCT_NAME = SFViewController;
				SKIP_INSTALL = YES;
			};
			name = Debug;
		};
		035CC507162A5D980061B7B9 /* Release */ = {
			isa = XCBuildConfiguration;
			buildSettings = {
				DSTROOT = /tmp/SFViewController.dst;
				GCC_PRECOMPILE_PREFIX_HEADER = YES;
				GCC_PREFIX_HEADER = "SFViewController/SFViewController-Prefix.pch";
				OTHER_LDFLAGS = "-ObjC";
				PRODUCT_NAME = SFViewController;
				SKIP_INSTALL = YES;
			};
			name = Release;
		};
/* End XCBuildConfiguration section */

/* Begin XCConfigurationList section */
		035CC4F1162A5D980061B7B9 /* Build configuration list for PBXProject "SFViewController" */ = {
			isa = XCConfigurationList;
			buildConfigurations = (
				035CC503162A5D980061B7B9 /* Debug */,
				035CC504162A5D980061B7B9 /* Release */,
			);
			defaultConfigurationIsVisible = 0;
			defaultConfigurationName = Release;
		};
		035CC505162A5D980061B7B9 /* Build configuration list for PBXNativeTarget "SFViewController" */ = {
			isa = XCConfigurationList;
			buildConfigurations = (
				035CC506162A5D980061B7B9 /* Debug */,
				035CC507162A5D980061B7B9 /* Release */,
			);
			defaultConfigurationIsVisible = 0;
			defaultConfigurationName = Release;
		};
/* End XCConfigurationList section */
	};
	rootObject = 035CC4EE162A5D980061B7B9 /* Project object */;
}
